{
  "name": "lock",
  "version": "1.0.0",
  "lockfileVersion": 3,
  "requires": true,
  "packages": {
    "": {
      "name": "lock",
      "version": "1.0.0",
      "license": "ISC",
      "dependencies": {
        "console-line": "^1.0.0",
        "readline": "^1.3.0"
      }
    },
    "node_modules/console-line": {
      "version": "1.0.0",
      "resolved": "https://registry.npmjs.org/console-line/-/console-line-1.0.0.tgz",
      "integrity": "sha512-X/a4VDzml3ANGQmpSHRIy1OIMdF3POmS/tCZlBkR4jEWvORhHwqFwTc6/CRsAQ2lMbQE7I1FPQeMSnVmhukCTg==",
      "license": "MIT"
    },
    "node_modules/readline": {
      "version": "1.3.0",
      "resolved": "https://registry.npmjs.org/readline/-/readline-1.3.0.tgz",
      "integrity": "sha512-k2d6ACCkiNYz222Fs/iNze30rRJ1iIicW7JuX/7/cozvih6YCkFZH+J6mAFDVgv0dRBaAyr4jDqC95R2y4IADg==",
      "license": "BSD"
    }
  }
}
