{
  "name": "lock",
  "version": "1.0.0",
  "lockfileVersion": 3,
  "requires": true,
  "packages": {
    "": {
      "name": "lock",
      "version": "1.0.0",
      "license": "ISC",
      "dependencies": {
        "console-line": "^1.0.0"
      }
    },
    "node_modules/console-line": {
      "version": "1.0.0",
      "resolved": "https://registry.npmjs.org/console-line/-/console-line-1.0.0.tgz",
      "integrity": "sha512-X/a4VDzml3ANGQmpSHRIy1OIMdF3POmS/tCZlBkR4jEWvORhHwqFwTc6/CRsAQ2lMbQE7I1FPQeMSnVmhukCTg==",
      "license": "MIT"
    }
  }
}
